
Microsoft Visual Studio Solution File, Format Version 12.00
# Visual Studio Version 17
VisualStudioVersion = 17.3.32922.545
MinimumVisualStudioVersion = 10.0.40219.1
Project("{FAE04EC0-301F-11D3-BF4B-00C04F79EFBC}") = "LongRunningTaskExample", "LongRunningTaskExample.csproj", "{9AE20533-3F4C-4F20-BA96-F41B0B1D0912}"
EndProject
Global
	GlobalSection(SolutionConfigurationPlatforms) = preSolution
		Debug|Any CPU = Debug|Any CPU
		Release|Any CPU = Release|Any CPU
	EndGlobalSection
	GlobalSection(ProjectConfigurationPlatforms) = postSolution
		{9AE20533-3F4C-4F20-BA96-F41B0B1D0912}.Debug|Any CPU.ActiveCfg = Debug|Any CPU
		{9AE20533-3F4C-4F20-BA96-F41B0B1D0912}.Debug|Any CPU.Build.0 = Debug|Any CPU
		{9AE20533-3F4C-4F20-BA96-F41B0B1D0912}.Release|Any CPU.ActiveCfg = Release|Any CPU
		{9AE20533-3F4C-4F20-BA96-F41B0B1D0912}.Release|Any CPU.Build.0 = Release|Any CPU
	EndGlobalSection
	GlobalSection(SolutionProperties) = preSolution
		HideSolutionNode = FALSE
	EndGlobalSection
	GlobalSection(ExtensibilityGlobals) = postSolution
		SolutionGuid = {C382CE2A-5B6E-4197-B5C6-B6130495E228}
	EndGlobalSection
EndGlobal
